
Microsoft Visual Studio Solution File, Format Version 12.00
# Visual Studio 15
Project("{FAE04EC0-301F-11D3-BF4B-00C04F79EFBC}") = "数鸡", "数鸡\数鸡.csproj", "{AD92BC53-5219-42D9-A32E-46348400A125}"
EndProject
Global
	GlobalSection(SolutionConfigurationPlatforms) = preSolution
		Debug|anycpu = Debug|anycpu
		Release|anycpu = Release|anycpu
	EndGlobalSection
	GlobalSection(ProjectConfigurationPlatforms) = postSolution
		{AD92BC53-5219-42D9-A32E-46348400A125}.Debug|anycpu.ActiveCfg = Debug|anycpu
		{AD92BC53-5219-42D9-A32E-46348400A125}.Debug|anycpu.Build.0 = Debug|anycpu
		{AD92BC53-5219-42D9-A32E-46348400A125}.Release|anycpu.ActiveCfg = Release|anycpu
		{AD92BC53-5219-42D9-A32E-46348400A125}.Release|anycpu.Build.0 = Release|anycpu
	EndGlobalSection
EndGlobal
